
Microsoft Visual Studio Solution File, Format Version 12.00
# Visual Studio Version 17
VisualStudioVersion = 17.0.31903.59
MinimumVisualStudioVersion = 10.0.40219.1
Project("{FAE04EC0-301F-11D3-BF4B-00C04F79EFBC}") = "WebAuth.Api", "WebAuth.Api\WebAuth.Api.csproj", "{E90AD1BE-38EE-488C-A128-0FA572EA4F2D}"
EndProject
Project("{FAE04EC0-301F-11D3-BF4B-00C04F79EFBC}") = "WebAuth.Api.Contracts", "WebAuth.Api.Contracts\WebAuth.Api.Contracts.csproj", "{19975963-9F4C-49C3-8698-F1FDDD0DF00E}"
EndProject
Project("{FAE04EC0-301F-11D3-BF4B-00C04F79EFBC}") = "WebAuth.Client", "WebAuth.Client\WebAuth.Client.csproj", "{E412C4C1-9C2E-432B-A872-01FBC436173A}"
EndProject
Global
	GlobalSection(SolutionConfigurationPlatforms) = preSolution
		Debug|Any CPU = Debug|Any CPU
		Release|Any CPU = Release|Any CPU
	EndGlobalSection
	GlobalSection(SolutionProperties) = preSolution
		HideSolutionNode = FALSE
	EndGlobalSection
	GlobalSection(ProjectConfigurationPlatforms) = postSolution
		{E90AD1BE-38EE-488C-A128-0FA572EA4F2D}.Debug|Any CPU.ActiveCfg = Debug|Any CPU
		{E90AD1BE-38EE-488C-A128-0FA572EA4F2D}.Debug|Any CPU.Build.0 = Debug|Any CPU
		{E90AD1BE-38EE-488C-A128-0FA572EA4F2D}.Release|Any CPU.ActiveCfg = Release|Any CPU
		{E90AD1BE-38EE-488C-A128-0FA572EA4F2D}.Release|Any CPU.Build.0 = Release|Any CPU
		{19975963-9F4C-49C3-8698-F1FDDD0DF00E}.Debug|Any CPU.ActiveCfg = Debug|Any CPU
		{19975963-9F4C-49C3-8698-F1FDDD0DF00E}.Debug|Any CPU.Build.0 = Debug|Any CPU
		{19975963-9F4C-49C3-8698-F1FDDD0DF00E}.Release|Any CPU.ActiveCfg = Release|Any CPU
		{19975963-9F4C-49C3-8698-F1FDDD0DF00E}.Release|Any CPU.Build.0 = Release|Any CPU
		{E412C4C1-9C2E-432B-A872-01FBC436173A}.Debug|Any CPU.ActiveCfg = Debug|Any CPU
		{E412C4C1-9C2E-432B-A872-01FBC436173A}.Debug|Any CPU.Build.0 = Debug|Any CPU
		{E412C4C1-9C2E-432B-A872-01FBC436173A}.Release|Any CPU.ActiveCfg = Release|Any CPU
		{E412C4C1-9C2E-432B-A872-01FBC436173A}.Release|Any CPU.Build.0 = Release|Any CPU
	EndGlobalSection
EndGlobal
